{
    "requires": true,
    "lockfileVersion": 1,
    "dependencies": {
        "ckeditor": {
            "version": "4.12.1",
            "resolved": "https://registry.npmjs.org/ckeditor/-/ckeditor-4.12.1.tgz",
            "integrity": "sha512-pH2Su4oi0D4iN/3U8nUcwI7/lXHoOJi0aiN8e2zxnm4Ow5kq8eZP2ZGmpYyuqRyKZ2tHaU8+OyYi7laXcjiq9Q=="
        },
        "jquery": {
            "version": "3.5.1",
            "resolved": "https://registry.npmjs.org/jquery/-/jquery-3.5.1.tgz",
            "integrity": "sha512-XwIBPqcMn57FxfT+Go5pzySnm4KWkT1Tv7gjrpT1srtf8Weynl6R273VJ5GjkRb51IzMp5nbaPjJXMWeju2MKg=="
        },
        "toastr": {
            "version": "2.1.4",
            "resolved": "https://registry.npmjs.org/toastr/-/toastr-2.1.4.tgz",
            "integrity": "sha1-i0O+ZPudDEFIcURvLbjoyk6V8YE=",
            "requires": {
                "jquery": ">=1.12.0"
            }
        }
    }
}
